{
  "name": "lightning",
  "version": "1.0.0",
  "lockfileVersion": 2,
  "requires": true,
  "packages": {
    "": {
      "name": "lightning",
      "version": "1.0.0",
      "license": "ISC",
      "dependencies": {
        "@openfn/workflow-diagram": "0.0.1",
        "react": "^18.1.0",
        "react-dom": "^18.1.0"
      }
    },
    "node_modules/@babel/runtime": {
      "version": "7.18.3",
      "license": "MIT",
      "dependencies": {
        "regenerator-runtime": "^0.13.4"
      },
      "engines": {
        "node": ">=6.9.0"
      }
    },
    "node_modules/@openfn/workflow-diagram": {
      "version": "0.0.1",
      "license": "ISC",
      "dependencies": {
        "elkjs": "^0.8.1",
        "react-flow-renderer": "^10.3.4"
      },
      "peerDependencies": {
        "react": "16 || 17 || 18",
        "react-dom": "16 || 17 || 18"
      }
    },
    "node_modules/classcat": {
      "version": "5.0.3",
      "license": "MIT"
    },
    "node_modules/d3-color": {
      "version": "3.1.0",
      "license": "ISC",
      "engines": {
        "node": ">=12"
      }
    },
    "node_modules/d3-dispatch": {
      "version": "3.0.1",
      "license": "ISC",
      "engines": {
        "node": ">=12"
      }
    },
    "node_modules/d3-drag": {
      "version": "3.0.0",
      "license": "ISC",
      "dependencies": {
        "d3-dispatch": "1 - 3",
        "d3-selection": "3"
      },
      "engines": {
        "node": ">=12"
      }
    },
    "node_modules/d3-ease": {
      "version": "3.0.1",
      "license": "BSD-3-Clause",
      "engines": {
        "node": ">=12"
      }
    },
    "node_modules/d3-interpolate": {
      "version": "3.0.1",
      "license": "ISC",
      "dependencies": {
        "d3-color": "1 - 3"
      },
      "engines": {
        "node": ">=12"
      }
    },
    "node_modules/d3-selection": {
      "version": "3.0.0",
      "license": "ISC",
      "engines": {
        "node": ">=12"
      }
    },
    "node_modules/d3-timer": {
      "version": "3.0.1",
      "license": "ISC",
      "engines": {
        "node": ">=12"
      }
    },
    "node_modules/d3-transition": {
      "version": "3.0.1",
      "license": "ISC",
      "dependencies": {
        "d3-color": "1 - 3",
        "d3-dispatch": "1 - 3",
        "d3-ease": "1 - 3",
        "d3-interpolate": "1 - 3",
        "d3-timer": "1 - 3"
      },
      "engines": {
        "node": ">=12"
      },
      "peerDependencies": {
        "d3-selection": "2 - 3"
      }
    },
    "node_modules/d3-zoom": {
      "version": "3.0.0",
      "license": "ISC",
      "dependencies": {
        "d3-dispatch": "1 - 3",
        "d3-drag": "2 - 3",
        "d3-interpolate": "1 - 3",
        "d3-selection": "2 - 3",
        "d3-transition": "2 - 3"
      },
      "engines": {
        "node": ">=12"
      }
    },
    "node_modules/elkjs": {
      "version": "0.8.1",
      "license": "EPL-2.0"
    },
    "node_modules/js-tokens": {
      "version": "4.0.0",
      "license": "MIT"
    },
    "node_modules/loose-envify": {
      "version": "1.4.0",
      "license": "MIT",
      "dependencies": {
        "js-tokens": "^3.0.0 || ^4.0.0"
      },
      "bin": {
        "loose-envify": "cli.js"
      }
    },
    "node_modules/react": {
      "version": "18.1.0",
      "license": "MIT",
      "dependencies": {
        "loose-envify": "^1.1.0"
      },
      "engines": {
        "node": ">=0.10.0"
      }
    },
    "node_modules/react-dom": {
      "version": "18.1.0",
      "license": "MIT",
      "dependencies": {
        "loose-envify": "^1.1.0",
        "scheduler": "^0.22.0"
      },
      "peerDependencies": {
        "react": "^18.1.0"
      }
    },
    "node_modules/react-flow-renderer": {
      "version": "10.3.5",
      "license": "MIT",
      "dependencies": {
        "@babel/runtime": "^7.18.0",
        "classcat": "^5.0.3",
        "d3-drag": "^3.0.0",
        "d3-selection": "^3.0.0",
        "d3-zoom": "^3.0.0",
        "zustand": "^3.7.2"
      },
      "engines": {
        "node": ">=14"
      },
      "peerDependencies": {
        "react": "16 || 17 || 18",
        "react-dom": "16 || 17 || 18"
      }
    },
    "node_modules/regenerator-runtime": {
      "version": "0.13.9",
      "license": "MIT"
    },
    "node_modules/scheduler": {
      "version": "0.22.0",
      "license": "MIT",
      "dependencies": {
        "loose-envify": "^1.1.0"
      }
    },
    "node_modules/zustand": {
      "version": "3.7.2",
      "license": "MIT",
      "engines": {
        "node": ">=12.7.0"
      },
      "peerDependencies": {
        "react": ">=16.8"
      },
      "peerDependenciesMeta": {
        "react": {
          "optional": true
        }
      }
    }
  },
  "dependencies": {
    "@babel/runtime": {
      "version": "7.18.3",
      "requires": {
        "regenerator-runtime": "^0.13.4"
      }
    },
    "@openfn/workflow-diagram": {
      "version": "0.0.1",
      "requires": {
        "elkjs": "^0.8.1",
        "react-flow-renderer": "^10.3.4"
      }
    },
    "classcat": {
      "version": "5.0.3"
    },
    "d3-color": {
      "version": "3.1.0"
    },
    "d3-dispatch": {
      "version": "3.0.1"
    },
    "d3-drag": {
      "version": "3.0.0",
      "requires": {
        "d3-dispatch": "1 - 3",
        "d3-selection": "3"
      }
    },
    "d3-ease": {
      "version": "3.0.1"
    },
    "d3-interpolate": {
      "version": "3.0.1",
      "requires": {
        "d3-color": "1 - 3"
      }
    },
    "d3-selection": {
      "version": "3.0.0"
    },
    "d3-timer": {
      "version": "3.0.1"
    },
    "d3-transition": {
      "version": "3.0.1",
      "requires": {
        "d3-color": "1 - 3",
        "d3-dispatch": "1 - 3",
        "d3-ease": "1 - 3",
        "d3-interpolate": "1 - 3",
        "d3-timer": "1 - 3"
      }
    },
    "d3-zoom": {
      "version": "3.0.0",
      "requires": {
        "d3-dispatch": "1 - 3",
        "d3-drag": "2 - 3",
        "d3-interpolate": "1 - 3",
        "d3-selection": "2 - 3",
        "d3-transition": "2 - 3"
      }
    },
    "elkjs": {
      "version": "0.8.1"
    },
    "js-tokens": {
      "version": "4.0.0"
    },
    "loose-envify": {
      "version": "1.4.0",
      "requires": {
        "js-tokens": "^3.0.0 || ^4.0.0"
      }
    },
    "react": {
      "version": "18.1.0",
      "requires": {
        "loose-envify": "^1.1.0"
      }
    },
    "react-dom": {
      "version": "18.1.0",
      "requires": {
        "loose-envify": "^1.1.0",
        "scheduler": "^0.22.0"
      }
    },
    "react-flow-renderer": {
      "version": "10.3.5",
      "requires": {
        "@babel/runtime": "^7.18.0",
        "classcat": "^5.0.3",
        "d3-drag": "^3.0.0",
        "d3-selection": "^3.0.0",
        "d3-zoom": "^3.0.0",
        "zustand": "^3.7.2"
      }
    },
    "regenerator-runtime": {
      "version": "0.13.9"
    },
    "scheduler": {
      "version": "0.22.0",
      "requires": {
        "loose-envify": "^1.1.0"
      }
    },
    "zustand": {
      "version": "3.7.2",
      "requires": {}
    }
  }
}
