{
  "name": "lightning",
  "version": "1.0.0",
  "lockfileVersion": 1,
  "requires": true,
  "dependencies": {
    "@babel/runtime": {
      "version": "7.18.9",
      "resolved": "https://registry.npmjs.org/@babel/runtime/-/runtime-7.18.9.tgz",
      "integrity": "sha512-lkqXDcvlFT5rvEjiu6+QYO+1GXrEHRo2LOtS7E4GtX5ESIZOgepqsZBVIj6Pv+a6zqsya9VCgiK1KAK4BvJDAw==",
      "requires": {
        "regenerator-runtime": "^0.13.4"
      }
    },
    "@monaco-editor/loader": {
      "version": "1.3.2",
      "resolved": "https://registry.npmjs.org/@monaco-editor/loader/-/loader-1.3.2.tgz",
      "integrity": "sha512-BTDbpHl3e47r3AAtpfVFTlAi7WXv4UQ/xZmz8atKl4q7epQV5e7+JbigFDViWF71VBi4IIBdcWP57Hj+OWuc9g==",
      "requires": {
        "state-local": "^1.0.6"
      }
    },
    "@monaco-editor/react": {
      "version": "4.4.5",
      "resolved": "https://registry.npmjs.org/@monaco-editor/react/-/react-4.4.5.tgz",
      "integrity": "sha512-IImtzU7sRc66OOaQVCG+5PFHkSWnnhrUWGBuH6zNmH2h0YgmAhcjHZQc/6MY9JWEbUtVF1WPBMJ9u1XuFbRrVA==",
      "requires": {
        "@monaco-editor/loader": "^1.3.2",
        "prop-types": "^15.7.2"
      }
    },
    "@openfn/compiler": {
      "version": "0.0.1",
      "resolved": "https://registry.npmjs.org/@openfn/compiler/-/compiler-0.0.1.tgz",
      "integrity": "sha512-+eKOPj2wCWPQEObqq3vLzkJY275QV372hORpDrPfuCFHYp9xy64gmnF6XLjRzbZFBD1Bo5WHGxbXdEaIeu/VoA=="
    },
    "@openfn/workflow-diagram": {
      "version": "0.0.5",
      "resolved": "https://registry.npmjs.org/@openfn/workflow-diagram/-/workflow-diagram-0.0.5.tgz",
      "integrity": "sha512-8CxpweEAY12q7dR8d4jN8cbDekVGQdiAjk/41gTbT1MEOh+2zl8ahRH0hq8be2n9eCEzwMAPhC76xuzY+JIf2A==",
      "requires": {
        "elkjs": "^0.8.1",
        "react-flow-renderer": "^10.3.6"
      }
    },
    "@types/debug": {
      "version": "4.1.7",
      "resolved": "https://registry.npmjs.org/@types/debug/-/debug-4.1.7.tgz",
      "integrity": "sha512-9AonUzyTjXXhEOa0DnqpzZi6VHlqKMswga9EXjpXnnqxwLtdvPPtlO8evrI5D9S6asFRCQ6v+wpiUKbw+vKqyg==",
      "requires": {
        "@types/ms": "*"
      }
    },
    "@types/hast": {
      "version": "2.3.4",
      "resolved": "https://registry.npmjs.org/@types/hast/-/hast-2.3.4.tgz",
      "integrity": "sha512-wLEm0QvaoawEDoTRwzTXp4b4jpwiJDvR5KMnFnVodm3scufTlBOWRD6N1OBf9TZMhjlNsSfcO5V+7AF4+Vy+9g==",
      "requires": {
        "@types/unist": "*"
      }
    },
    "@types/mdast": {
      "version": "3.0.10",
      "resolved": "https://registry.npmjs.org/@types/mdast/-/mdast-3.0.10.tgz",
      "integrity": "sha512-W864tg/Osz1+9f4lrGTZpCSO5/z4608eUp19tbozkq2HJK6i3z1kT0H9tlADXuYIb1YYOBByU4Jsqkk75q48qA==",
      "requires": {
        "@types/unist": "*"
      }
    },
    "@types/mdurl": {
      "version": "1.0.2",
      "resolved": "https://registry.npmjs.org/@types/mdurl/-/mdurl-1.0.2.tgz",
      "integrity": "sha512-eC4U9MlIcu2q0KQmXszyn5Akca/0jrQmwDRgpAMJai7qBWq4amIQhZyNau4VYGtCeALvW1/NtjzJJ567aZxfKA=="
    },
    "@types/ms": {
      "version": "0.7.31",
      "resolved": "https://registry.npmjs.org/@types/ms/-/ms-0.7.31.tgz",
      "integrity": "sha512-iiUgKzV9AuaEkZqkOLDIvlQiL6ltuZd9tGcW3gwpnX8JbuiuhFlEGmmFXEXkN50Cvq7Os88IY2v0dkDqXYWVgA=="
    },
    "@types/prop-types": {
      "version": "15.7.5",
      "resolved": "https://registry.npmjs.org/@types/prop-types/-/prop-types-15.7.5.tgz",
      "integrity": "sha512-JCB8C6SnDoQf0cNycqd/35A7MjcnK+ZTqE7judS6o7utxUCg6imJg3QK2qzHKszlTjcj2cn+NwMB2i96ubpj7w=="
    },
    "@types/react": {
      "version": "18.0.15",
      "resolved": "https://registry.npmjs.org/@types/react/-/react-18.0.15.tgz",
      "integrity": "sha512-iz3BtLuIYH1uWdsv6wXYdhozhqj20oD4/Hk2DNXIn1kFsmp9x8d9QB6FnPhfkbhd2PgEONt9Q1x/ebkwjfFLow==",
      "dev": true,
      "requires": {
        "@types/prop-types": "*",
        "@types/scheduler": "*",
        "csstype": "^3.0.2"
      }
    },
    "@types/react-dom": {
      "version": "18.0.6",
      "resolved": "https://registry.npmjs.org/@types/react-dom/-/react-dom-18.0.6.tgz",
      "integrity": "sha512-/5OFZgfIPSwy+YuIBP/FgJnQnsxhZhjjrnxudMddeblOouIodEQ75X14Rr4wGSG/bknL+Omy9iWlLo1u/9GzAA==",
      "dev": true,
      "requires": {
        "@types/react": "*"
      }
    },
    "@types/scheduler": {
      "version": "0.16.2",
      "resolved": "https://registry.npmjs.org/@types/scheduler/-/scheduler-0.16.2.tgz",
      "integrity": "sha512-hppQEBDmlwhFAXKJX2KnWLYu5yMfi91yazPb2l+lbJiwW+wdo1gNeRA+3RgNSO39WYX2euey41KEwnqesU2Jew==",
      "dev": true
    },
    "@types/unist": {
      "version": "2.0.6",
      "resolved": "https://registry.npmjs.org/@types/unist/-/unist-2.0.6.tgz",
      "integrity": "sha512-PBjIUxZHOuj0R15/xuwJYjFi+KZdNFrehocChv4g5hu6aFroHue8m0lBP0POdK2nKzbw0cgV1mws8+V/JAcEkQ=="
    },
    "bail": {
      "version": "2.0.2",
      "resolved": "https://registry.npmjs.org/bail/-/bail-2.0.2.tgz",
      "integrity": "sha512-0xO6mYd7JB2YesxDKplafRpsiOzPt9V02ddPCLbY1xYGPOX24NTyN50qnUxgCPcSoYMhKpAuBTjQoRZCAkUDRw=="
    },
    "blueimp-md5": {
      "version": "2.19.0",
      "resolved": "https://registry.npmjs.org/blueimp-md5/-/blueimp-md5-2.19.0.tgz",
      "integrity": "sha512-DRQrD6gJyy8FbiE4s+bDoXS9hiW3Vbx5uCdwvcCf3zLHL+Iv7LtGHLpr+GZV8rHG8tK766FGYBwRbu8pELTt+w=="
    },
    "character-entities": {
      "version": "2.0.2",
      "resolved": "https://registry.npmjs.org/character-entities/-/character-entities-2.0.2.tgz",
      "integrity": "sha512-shx7oQ0Awen/BRIdkjkvz54PnEEI/EjwXDSIZp86/KKdbafHh1Df/RYGBhn4hbe2+uKC9FnT5UCEdyPz3ai9hQ=="
    },
    "classcat": {
      "version": "5.0.3",
      "resolved": "https://registry.npmjs.org/classcat/-/classcat-5.0.3.tgz",
      "integrity": "sha512-6dK2ke4VEJZOFx2ZfdDAl5OhEL8lvkl6EHF92IfRePfHxQTqir5NlcNVUv+2idjDqCX2NDc8m8YSAI5NI975ZQ=="
    },
    "comma-separated-tokens": {
      "version": "2.0.2",
      "resolved": "https://registry.npmjs.org/comma-separated-tokens/-/comma-separated-tokens-2.0.2.tgz",
      "integrity": "sha512-G5yTt3KQN4Yn7Yk4ed73hlZ1evrFKXeUW3086p3PRFNp7m2vIjI6Pg+Kgb+oyzhd9F2qdcoj67+y3SdxL5XWsg=="
    },
    "csstype": {
      "version": "3.1.0",
      "resolved": "https://registry.npmjs.org/csstype/-/csstype-3.1.0.tgz",
      "integrity": "sha512-uX1KG+x9h5hIJsaKR9xHUeUraxf8IODOwq9JLNPq6BwB04a/xgpq3rcx47l5BZu5zBPlgD342tdke3Hom/nJRA==",
      "dev": true
    },
    "d3-color": {
      "version": "3.1.0",
      "resolved": "https://registry.npmjs.org/d3-color/-/d3-color-3.1.0.tgz",
      "integrity": "sha512-zg/chbXyeBtMQ1LbD/WSoW2DpC3I0mpmPdW+ynRTj/x2DAWYrIY7qeZIHidozwV24m4iavr15lNwIwLxRmOxhA=="
    },
    "d3-dispatch": {
      "version": "3.0.1",
      "resolved": "https://registry.npmjs.org/d3-dispatch/-/d3-dispatch-3.0.1.tgz",
      "integrity": "sha512-rzUyPU/S7rwUflMyLc1ETDeBj0NRuHKKAcvukozwhshr6g6c5d8zh4c2gQjY2bZ0dXeGLWc1PF174P2tVvKhfg=="
    },
    "d3-drag": {
      "version": "3.0.0",
      "resolved": "https://registry.npmjs.org/d3-drag/-/d3-drag-3.0.0.tgz",
      "integrity": "sha512-pWbUJLdETVA8lQNJecMxoXfH6x+mO2UQo8rSmZ+QqxcbyA3hfeprFgIT//HW2nlHChWeIIMwS2Fq+gEARkhTkg==",
      "requires": {
        "d3-dispatch": "1 - 3",
        "d3-selection": "3"
      }
    },
    "d3-ease": {
      "version": "3.0.1",
      "resolved": "https://registry.npmjs.org/d3-ease/-/d3-ease-3.0.1.tgz",
      "integrity": "sha512-wR/XK3D3XcLIZwpbvQwQ5fK+8Ykds1ip7A2Txe0yxncXSdq1L9skcG7blcedkOX+ZcgxGAmLX1FrRGbADwzi0w=="
    },
    "d3-interpolate": {
      "version": "3.0.1",
      "resolved": "https://registry.npmjs.org/d3-interpolate/-/d3-interpolate-3.0.1.tgz",
      "integrity": "sha512-3bYs1rOD33uo8aqJfKP3JWPAibgw8Zm2+L9vBKEHJ2Rg+viTR7o5Mmv5mZcieN+FRYaAOWX5SJATX6k1PWz72g==",
      "requires": {
        "d3-color": "1 - 3"
      }
    },
    "d3-selection": {
      "version": "3.0.0",
      "resolved": "https://registry.npmjs.org/d3-selection/-/d3-selection-3.0.0.tgz",
      "integrity": "sha512-fmTRWbNMmsmWq6xJV8D19U/gw/bwrHfNXxrIN+HfZgnzqTHp9jOmKMhsTUjXOJnZOdZY9Q28y4yebKzqDKlxlQ=="
    },
    "d3-timer": {
      "version": "3.0.1",
      "resolved": "https://registry.npmjs.org/d3-timer/-/d3-timer-3.0.1.tgz",
      "integrity": "sha512-ndfJ/JxxMd3nw31uyKoY2naivF+r29V+Lc0svZxe1JvvIRmi8hUsrMvdOwgS1o6uBHmiz91geQ0ylPP0aj1VUA=="
    },
    "d3-transition": {
      "version": "3.0.1",
      "resolved": "https://registry.npmjs.org/d3-transition/-/d3-transition-3.0.1.tgz",
      "integrity": "sha512-ApKvfjsSR6tg06xrL434C0WydLr7JewBB3V+/39RMHsaXTOG0zmt/OAXeng5M5LBm0ojmxJrpomQVZ1aPvBL4w==",
      "requires": {
        "d3-color": "1 - 3",
        "d3-dispatch": "1 - 3",
        "d3-ease": "1 - 3",
        "d3-interpolate": "1 - 3",
        "d3-timer": "1 - 3"
      }
    },
    "d3-zoom": {
      "version": "3.0.0",
      "resolved": "https://registry.npmjs.org/d3-zoom/-/d3-zoom-3.0.0.tgz",
      "integrity": "sha512-b8AmV3kfQaqWAuacbPuNbL6vahnOJflOhexLzMMNLga62+/nh0JzvJ0aO/5a5MVgUFGS7Hu1P9P03o3fJkDCyw==",
      "requires": {
        "d3-dispatch": "1 - 3",
        "d3-drag": "2 - 3",
        "d3-interpolate": "1 - 3",
        "d3-selection": "2 - 3",
        "d3-transition": "2 - 3"
      }
    },
    "debug": {
      "version": "4.3.4",
      "resolved": "https://registry.npmjs.org/debug/-/debug-4.3.4.tgz",
      "integrity": "sha512-PRWFHuSU3eDtQJPvnNY7Jcket1j0t5OuOsFzPPzsekD52Zl8qUfFIPEiswXqIvHWGVHOgX+7G/vCNNhehwxfkQ==",
      "requires": {
        "ms": "2.1.2"
      }
    },
    "decode-named-character-reference": {
      "version": "1.0.2",
      "resolved": "https://registry.npmjs.org/decode-named-character-reference/-/decode-named-character-reference-1.0.2.tgz",
      "integrity": "sha512-O8x12RzrUF8xyVcY0KJowWsmaJxQbmy0/EtnNtHRpsOcT7dFk5W598coHqBVpmWo1oQQfsCqfCmkZN5DJrZVdg==",
      "requires": {
        "character-entities": "^2.0.0"
      }
    },
    "dequal": {
      "version": "2.0.3",
      "resolved": "https://registry.npmjs.org/dequal/-/dequal-2.0.3.tgz",
      "integrity": "sha512-0je+qPKHEMohvfRTCEo3CrPG6cAzAYgmzKyxRiYSSDkS6eGJdyVJm7WaYA5ECaAD9wLB2T4EEeymA5aFVcYXCA=="
    },
    "diff": {
      "version": "5.1.0",
      "resolved": "https://registry.npmjs.org/diff/-/diff-5.1.0.tgz",
      "integrity": "sha512-D+mk+qE8VC/PAUrlAU34N+VfXev0ghe5ywmpqrawphmVZc1bEfn56uo9qpyGp1p4xpzOHkSW4ztBd6L7Xx4ACw=="
    },
    "elkjs": {
      "version": "0.8.1",
      "resolved": "https://registry.npmjs.org/elkjs/-/elkjs-0.8.1.tgz",
      "integrity": "sha512-TGzfGxr1k5QsuFkftToVuEy5sBrKHRLZH63Uf/t85slqsS0n53TGAMHvjLnnnIKn2oEtlYfCmct0D4rwmwETCg=="
    },
    "extend": {
      "version": "3.0.2",
      "resolved": "https://registry.npmjs.org/extend/-/extend-3.0.2.tgz",
      "integrity": "sha512-fjquC59cD7CyW6urNXK0FBufkZcoiGG80wTuPujX590cB5Ttln20E2UB4S/WARVqhXffZl2LNgS+gQdPIIim/g=="
    },
    "hast-util-whitespace": {
      "version": "2.0.0",
      "resolved": "https://registry.npmjs.org/hast-util-whitespace/-/hast-util-whitespace-2.0.0.tgz",
      "integrity": "sha512-Pkw+xBHuV6xFeJprJe2BBEoDV+AvQySaz3pPDRUs5PNZEMQjpXJJueqrpcHIXxnWTcAGi/UOCgVShlkY6kLoqg=="
    },
    "inline-style-parser": {
      "version": "0.1.1",
      "resolved": "https://registry.npmjs.org/inline-style-parser/-/inline-style-parser-0.1.1.tgz",
      "integrity": "sha512-7NXolsK4CAS5+xvdj5OMMbI962hU/wvwoxk+LWR9Ek9bVtyuuYScDN6eS0rUm6TxApFpw7CX1o4uJzcd4AyD3Q=="
    },
    "is-buffer": {
      "version": "2.0.5",
      "resolved": "https://registry.npmjs.org/is-buffer/-/is-buffer-2.0.5.tgz",
      "integrity": "sha512-i2R6zNFDwgEHJyQUtJEk0XFi1i0dPFn/oqjK3/vPCcDeJvW5NQ83V8QbicfF1SupOaB0h8ntgBC2YiE7dfyctQ=="
    },
    "is-plain-obj": {
      "version": "4.1.0",
      "resolved": "https://registry.npmjs.org/is-plain-obj/-/is-plain-obj-4.1.0.tgz",
      "integrity": "sha512-+Pgi+vMuUNkJyExiMBt5IlFoMyKnr5zhJ4Uspz58WOhBF5QoIZkFyNHIbBAtHwzVAgk5RtndVNsDRN61/mmDqg=="
    },
    "js-tokens": {
      "version": "4.0.0",
      "resolved": "https://registry.npmjs.org/js-tokens/-/js-tokens-4.0.0.tgz",
      "integrity": "sha512-RdJUflcE3cUzKiMqQgsCu06FPu9UdIJO0beYbPhHN4k6apgJtifcoCtT9bcxOpYBtpD2kCM6Sbzg4CausW/PKQ=="
    },
    "kleur": {
      "version": "4.1.5",
      "resolved": "https://registry.npmjs.org/kleur/-/kleur-4.1.5.tgz",
      "integrity": "sha512-o+NO+8WrRiQEE4/7nwRJhN1HWpVmJm511pBHUxPLtp0BUISzlBplORYSmTclCnJvQq2tKu/sgl3xVpkc7ZWuQQ=="
    },
    "loose-envify": {
      "version": "1.4.0",
      "resolved": "https://registry.npmjs.org/loose-envify/-/loose-envify-1.4.0.tgz",
      "integrity": "sha512-lyuxPGr/Wfhrlem2CL/UcnUc1zcqKAImBDzukY7Y5F/yQiNdko6+fRLevlw1HgMySw7f611UIY408EtxRSoK3Q==",
      "requires": {
        "js-tokens": "^3.0.0 || ^4.0.0"
      }
    },
    "mdast-util-definitions": {
      "version": "5.1.1",
      "resolved": "https://registry.npmjs.org/mdast-util-definitions/-/mdast-util-definitions-5.1.1.tgz",
      "integrity": "sha512-rQ+Gv7mHttxHOBx2dkF4HWTg+EE+UR78ptQWDylzPKaQuVGdG4HIoY3SrS/pCp80nZ04greFvXbVFHT+uf0JVQ==",
      "requires": {
        "@types/mdast": "^3.0.0",
        "@types/unist": "^2.0.0",
        "unist-util-visit": "^4.0.0"
      }
    },
    "mdast-util-from-markdown": {
      "version": "1.2.0",
      "resolved": "https://registry.npmjs.org/mdast-util-from-markdown/-/mdast-util-from-markdown-1.2.0.tgz",
      "integrity": "sha512-iZJyyvKD1+K7QX1b5jXdE7Sc5dtoTry1vzV28UZZe8Z1xVnB/czKntJ7ZAkG0tANqRnBF6p3p7GpU1y19DTf2Q==",
      "requires": {
        "@types/mdast": "^3.0.0",
        "@types/unist": "^2.0.0",
        "decode-named-character-reference": "^1.0.0",
        "mdast-util-to-string": "^3.1.0",
        "micromark": "^3.0.0",
        "micromark-util-decode-numeric-character-reference": "^1.0.0",
        "micromark-util-decode-string": "^1.0.0",
        "micromark-util-normalize-identifier": "^1.0.0",
        "micromark-util-symbol": "^1.0.0",
        "micromark-util-types": "^1.0.0",
        "unist-util-stringify-position": "^3.0.0",
        "uvu": "^0.5.0"
      }
    },
    "mdast-util-to-hast": {
      "version": "12.1.2",
      "resolved": "https://registry.npmjs.org/mdast-util-to-hast/-/mdast-util-to-hast-12.1.2.tgz",
      "integrity": "sha512-Wn6Mcj04qU4qUXHnHpPATYMH2Jd8RlntdnloDfYLe1ErWRHo6+pvSl/DzHp6sCZ9cBSYlc8Sk8pbwb8xtUoQhQ==",
      "requires": {
        "@types/hast": "^2.0.0",
        "@types/mdast": "^3.0.0",
        "@types/mdurl": "^1.0.0",
        "mdast-util-definitions": "^5.0.0",
        "mdurl": "^1.0.0",
        "micromark-util-sanitize-uri": "^1.0.0",
        "trim-lines": "^3.0.0",
        "unist-builder": "^3.0.0",
        "unist-util-generated": "^2.0.0",
        "unist-util-position": "^4.0.0",
        "unist-util-visit": "^4.0.0"
      }
    },
    "mdast-util-to-string": {
      "version": "3.1.0",
      "resolved": "https://registry.npmjs.org/mdast-util-to-string/-/mdast-util-to-string-3.1.0.tgz",
      "integrity": "sha512-n4Vypz/DZgwo0iMHLQL49dJzlp7YtAJP+N07MZHpjPf/5XJuHUWstviF4Mn2jEiR/GNmtnRRqnwsXExk3igfFA=="
    },
    "mdurl": {
      "version": "1.0.1",
      "resolved": "https://registry.npmjs.org/mdurl/-/mdurl-1.0.1.tgz",
      "integrity": "sha512-/sKlQJCBYVY9Ers9hqzKou4H6V5UWc/M59TH2dvkt+84itfnq7uFOMLpOiOS4ujvHP4etln18fmIxA5R5fll0g=="
    },
    "micromark": {
      "version": "3.0.10",
      "resolved": "https://registry.npmjs.org/micromark/-/micromark-3.0.10.tgz",
      "integrity": "sha512-ryTDy6UUunOXy2HPjelppgJ2sNfcPz1pLlMdA6Rz9jPzhLikWXv/irpWV/I2jd68Uhmny7hHxAlAhk4+vWggpg==",
      "requires": {
        "@types/debug": "^4.0.0",
        "debug": "^4.0.0",
        "decode-named-character-reference": "^1.0.0",
        "micromark-core-commonmark": "^1.0.1",
        "micromark-factory-space": "^1.0.0",
        "micromark-util-character": "^1.0.0",
        "micromark-util-chunked": "^1.0.0",
        "micromark-util-combine-extensions": "^1.0.0",
        "micromark-util-decode-numeric-character-reference": "^1.0.0",
        "micromark-util-encode": "^1.0.0",
        "micromark-util-normalize-identifier": "^1.0.0",
        "micromark-util-resolve-all": "^1.0.0",
        "micromark-util-sanitize-uri": "^1.0.0",
        "micromark-util-subtokenize": "^1.0.0",
        "micromark-util-symbol": "^1.0.0",
        "micromark-util-types": "^1.0.1",
        "uvu": "^0.5.0"
      }
    },
    "micromark-core-commonmark": {
      "version": "1.0.6",
      "resolved": "https://registry.npmjs.org/micromark-core-commonmark/-/micromark-core-commonmark-1.0.6.tgz",
      "integrity": "sha512-K+PkJTxqjFfSNkfAhp4GB+cZPfQd6dxtTXnf+RjZOV7T4EEXnvgzOcnp+eSTmpGk9d1S9sL6/lqrgSNn/s0HZA==",
      "requires": {
        "decode-named-character-reference": "^1.0.0",
        "micromark-factory-destination": "^1.0.0",
        "micromark-factory-label": "^1.0.0",
        "micromark-factory-space": "^1.0.0",
        "micromark-factory-title": "^1.0.0",
        "micromark-factory-whitespace": "^1.0.0",
        "micromark-util-character": "^1.0.0",
        "micromark-util-chunked": "^1.0.0",
        "micromark-util-classify-character": "^1.0.0",
        "micromark-util-html-tag-name": "^1.0.0",
        "micromark-util-normalize-identifier": "^1.0.0",
        "micromark-util-resolve-all": "^1.0.0",
        "micromark-util-subtokenize": "^1.0.0",
        "micromark-util-symbol": "^1.0.0",
        "micromark-util-types": "^1.0.1",
        "uvu": "^0.5.0"
      }
    },
    "micromark-factory-destination": {
      "version": "1.0.0",
      "resolved": "https://registry.npmjs.org/micromark-factory-destination/-/micromark-factory-destination-1.0.0.tgz",
      "integrity": "sha512-eUBA7Rs1/xtTVun9TmV3gjfPz2wEwgK5R5xcbIM5ZYAtvGF6JkyaDsj0agx8urXnO31tEO6Ug83iVH3tdedLnw==",
      "requires": {
        "micromark-util-character": "^1.0.0",
        "micromark-util-symbol": "^1.0.0",
        "micromark-util-types": "^1.0.0"
      }
    },
    "micromark-factory-label": {
      "version": "1.0.2",
      "resolved": "https://registry.npmjs.org/micromark-factory-label/-/micromark-factory-label-1.0.2.tgz",
      "integrity": "sha512-CTIwxlOnU7dEshXDQ+dsr2n+yxpP0+fn271pu0bwDIS8uqfFcumXpj5mLn3hSC8iw2MUr6Gx8EcKng1dD7i6hg==",
      "requires": {
        "micromark-util-character": "^1.0.0",
        "micromark-util-symbol": "^1.0.0",
        "micromark-util-types": "^1.0.0",
        "uvu": "^0.5.0"
      }
    },
    "micromark-factory-space": {
      "version": "1.0.0",
      "resolved": "https://registry.npmjs.org/micromark-factory-space/-/micromark-factory-space-1.0.0.tgz",
      "integrity": "sha512-qUmqs4kj9a5yBnk3JMLyjtWYN6Mzfcx8uJfi5XAveBniDevmZasdGBba5b4QsvRcAkmvGo5ACmSUmyGiKTLZew==",
      "requires": {
        "micromark-util-character": "^1.0.0",
        "micromark-util-types": "^1.0.0"
      }
    },
    "micromark-factory-title": {
      "version": "1.0.2",
      "resolved": "https://registry.npmjs.org/micromark-factory-title/-/micromark-factory-title-1.0.2.tgz",
      "integrity": "sha512-zily+Nr4yFqgMGRKLpTVsNl5L4PMu485fGFDOQJQBl2NFpjGte1e86zC0da93wf97jrc4+2G2GQudFMHn3IX+A==",
      "requires": {
        "micromark-factory-space": "^1.0.0",
        "micromark-util-character": "^1.0.0",
        "micromark-util-symbol": "^1.0.0",
        "micromark-util-types": "^1.0.0",
        "uvu": "^0.5.0"
      }
    },
    "micromark-factory-whitespace": {
      "version": "1.0.0",
      "resolved": "https://registry.npmjs.org/micromark-factory-whitespace/-/micromark-factory-whitespace-1.0.0.tgz",
      "integrity": "sha512-Qx7uEyahU1lt1RnsECBiuEbfr9INjQTGa6Err+gF3g0Tx4YEviPbqqGKNv/NrBaE7dVHdn1bVZKM/n5I/Bak7A==",
      "requires": {
        "micromark-factory-space": "^1.0.0",
        "micromark-util-character": "^1.0.0",
        "micromark-util-symbol": "^1.0.0",
        "micromark-util-types": "^1.0.0"
      }
    },
    "micromark-util-character": {
      "version": "1.1.0",
      "resolved": "https://registry.npmjs.org/micromark-util-character/-/micromark-util-character-1.1.0.tgz",
      "integrity": "sha512-agJ5B3unGNJ9rJvADMJ5ZiYjBRyDpzKAOk01Kpi1TKhlT1APx3XZk6eN7RtSz1erbWHC2L8T3xLZ81wdtGRZzg==",
      "requires": {
        "micromark-util-symbol": "^1.0.0",
        "micromark-util-types": "^1.0.0"
      }
    },
    "micromark-util-chunked": {
      "version": "1.0.0",
      "resolved": "https://registry.npmjs.org/micromark-util-chunked/-/micromark-util-chunked-1.0.0.tgz",
      "integrity": "sha512-5e8xTis5tEZKgesfbQMKRCyzvffRRUX+lK/y+DvsMFdabAicPkkZV6gO+FEWi9RfuKKoxxPwNL+dFF0SMImc1g==",
      "requires": {
        "micromark-util-symbol": "^1.0.0"
      }
    },
    "micromark-util-classify-character": {
      "version": "1.0.0",
      "resolved": "https://registry.npmjs.org/micromark-util-classify-character/-/micromark-util-classify-character-1.0.0.tgz",
      "integrity": "sha512-F8oW2KKrQRb3vS5ud5HIqBVkCqQi224Nm55o5wYLzY/9PwHGXC01tr3d7+TqHHz6zrKQ72Okwtvm/xQm6OVNZA==",
      "requires": {
        "micromark-util-character": "^1.0.0",
        "micromark-util-symbol": "^1.0.0",
        "micromark-util-types": "^1.0.0"
      }
    },
    "micromark-util-combine-extensions": {
      "version": "1.0.0",
      "resolved": "https://registry.npmjs.org/micromark-util-combine-extensions/-/micromark-util-combine-extensions-1.0.0.tgz",
      "integrity": "sha512-J8H058vFBdo/6+AsjHp2NF7AJ02SZtWaVUjsayNFeAiydTxUwViQPxN0Hf8dp4FmCQi0UUFovFsEyRSUmFH3MA==",
      "requires": {
        "micromark-util-chunked": "^1.0.0",
        "micromark-util-types": "^1.0.0"
      }
    },
    "micromark-util-decode-numeric-character-reference": {
      "version": "1.0.0",
      "resolved": "https://registry.npmjs.org/micromark-util-decode-numeric-character-reference/-/micromark-util-decode-numeric-character-reference-1.0.0.tgz",
      "integrity": "sha512-OzO9AI5VUtrTD7KSdagf4MWgHMtET17Ua1fIpXTpuhclCqD8egFWo85GxSGvxgkGS74bEahvtM0WP0HjvV0e4w==",
      "requires": {
        "micromark-util-symbol": "^1.0.0"
      }
    },
    "micromark-util-decode-string": {
      "version": "1.0.2",
      "resolved": "https://registry.npmjs.org/micromark-util-decode-string/-/micromark-util-decode-string-1.0.2.tgz",
      "integrity": "sha512-DLT5Ho02qr6QWVNYbRZ3RYOSSWWFuH3tJexd3dgN1odEuPNxCngTCXJum7+ViRAd9BbdxCvMToPOD/IvVhzG6Q==",
      "requires": {
        "decode-named-character-reference": "^1.0.0",
        "micromark-util-character": "^1.0.0",
        "micromark-util-decode-numeric-character-reference": "^1.0.0",
        "micromark-util-symbol": "^1.0.0"
      }
    },
    "micromark-util-encode": {
      "version": "1.0.1",
      "resolved": "https://registry.npmjs.org/micromark-util-encode/-/micromark-util-encode-1.0.1.tgz",
      "integrity": "sha512-U2s5YdnAYexjKDel31SVMPbfi+eF8y1U4pfiRW/Y8EFVCy/vgxk/2wWTxzcqE71LHtCuCzlBDRU2a5CQ5j+mQA=="
    },
    "micromark-util-html-tag-name": {
      "version": "1.1.0",
      "resolved": "https://registry.npmjs.org/micromark-util-html-tag-name/-/micromark-util-html-tag-name-1.1.0.tgz",
      "integrity": "sha512-BKlClMmYROy9UiV03SwNmckkjn8QHVaWkqoAqzivabvdGcwNGMMMH/5szAnywmsTBUzDsU57/mFi0sp4BQO6dA=="
    },
    "micromark-util-normalize-identifier": {
      "version": "1.0.0",
      "resolved": "https://registry.npmjs.org/micromark-util-normalize-identifier/-/micromark-util-normalize-identifier-1.0.0.tgz",
      "integrity": "sha512-yg+zrL14bBTFrQ7n35CmByWUTFsgst5JhA4gJYoty4Dqzj4Z4Fr/DHekSS5aLfH9bdlfnSvKAWsAgJhIbogyBg==",
      "requires": {
        "micromark-util-symbol": "^1.0.0"
      }
    },
    "micromark-util-resolve-all": {
      "version": "1.0.0",
      "resolved": "https://registry.npmjs.org/micromark-util-resolve-all/-/micromark-util-resolve-all-1.0.0.tgz",
      "integrity": "sha512-CB/AGk98u50k42kvgaMM94wzBqozSzDDaonKU7P7jwQIuH2RU0TeBqGYJz2WY1UdihhjweivStrJ2JdkdEmcfw==",
      "requires": {
        "micromark-util-types": "^1.0.0"
      }
    },
    "micromark-util-sanitize-uri": {
      "version": "1.0.0",
      "resolved": "https://registry.npmjs.org/micromark-util-sanitize-uri/-/micromark-util-sanitize-uri-1.0.0.tgz",
      "integrity": "sha512-cCxvBKlmac4rxCGx6ejlIviRaMKZc0fWm5HdCHEeDWRSkn44l6NdYVRyU+0nT1XC72EQJMZV8IPHF+jTr56lAg==",
      "requires": {
        "micromark-util-character": "^1.0.0",
        "micromark-util-encode": "^1.0.0",
        "micromark-util-symbol": "^1.0.0"
      }
    },
    "micromark-util-subtokenize": {
      "version": "1.0.2",
      "resolved": "https://registry.npmjs.org/micromark-util-subtokenize/-/micromark-util-subtokenize-1.0.2.tgz",
      "integrity": "sha512-d90uqCnXp/cy4G881Ub4psE57Sf8YD0pim9QdjCRNjfas2M1u6Lbt+XZK9gnHL2XFhnozZiEdCa9CNfXSfQ6xA==",
      "requires": {
        "micromark-util-chunked": "^1.0.0",
        "micromark-util-symbol": "^1.0.0",
        "micromark-util-types": "^1.0.0",
        "uvu": "^0.5.0"
      }
    },
    "micromark-util-symbol": {
      "version": "1.0.1",
      "resolved": "https://registry.npmjs.org/micromark-util-symbol/-/micromark-util-symbol-1.0.1.tgz",
      "integrity": "sha512-oKDEMK2u5qqAptasDAwWDXq0tG9AssVwAx3E9bBF3t/shRIGsWIRG+cGafs2p/SnDSOecnt6hZPCE2o6lHfFmQ=="
    },
    "micromark-util-types": {
      "version": "1.0.2",
      "resolved": "https://registry.npmjs.org/micromark-util-types/-/micromark-util-types-1.0.2.tgz",
      "integrity": "sha512-DCfg/T8fcrhrRKTPjRrw/5LLvdGV7BHySf/1LOZx7TzWZdYRjogNtyNq885z3nNallwr3QUKARjqvHqX1/7t+w=="
    },
    "monaco-editor": {
      "version": "0.34.0",
      "resolved": "https://registry.npmjs.org/monaco-editor/-/monaco-editor-0.34.0.tgz",
      "integrity": "sha512-VF+S5zG8wxfinLKLrWcl4WUizMx+LeJrG4PM/M78OhcwocpV0jiyhX/pG6Q9jIOhrb/ckYi6nHnaR5OojlOZCQ=="
    },
    "mri": {
      "version": "1.2.0",
      "resolved": "https://registry.npmjs.org/mri/-/mri-1.2.0.tgz",
      "integrity": "sha512-tzzskb3bG8LvYGFF/mDTpq3jpI6Q9wc3LEmBaghu+DdCssd1FakN7Bc0hVNmEyGq1bq3RgfkCb3cmQLpNPOroA=="
    },
    "ms": {
      "version": "2.1.2",
      "resolved": "https://registry.npmjs.org/ms/-/ms-2.1.2.tgz",
      "integrity": "sha512-sGkPx+VjMtmA6MX27oA4FBFELFCZZ4S4XqeGOXCv68tT+jb3vk/RyaKWP0PTKyWtmLSM0b+adUTEvbs1PEaH2w=="
    },
    "object-assign": {
      "version": "4.1.1",
      "resolved": "https://registry.npmjs.org/object-assign/-/object-assign-4.1.1.tgz",
      "integrity": "sha512-rJgTQnkUnH1sFw8yT6VSU3zD3sWmu6sZhIseY8VX+GRu3P6F7Fu+JNDoXfklElbLJSnc3FUQHVe4cU5hj+BcUg=="
    },
    "prop-types": {
      "version": "15.8.1",
      "resolved": "https://registry.npmjs.org/prop-types/-/prop-types-15.8.1.tgz",
      "integrity": "sha512-oj87CgZICdulUohogVAR7AjlC0327U4el4L6eAvOqCeudMDVU0NThNaV+b9Df4dXgSP1gXMTnPdhfe/2qDH5cg==",
      "requires": {
        "loose-envify": "^1.4.0",
        "object-assign": "^4.1.1",
        "react-is": "^16.13.1"
      },
      "dependencies": {
        "react-is": {
          "version": "16.13.1",
          "resolved": "https://registry.npmjs.org/react-is/-/react-is-16.13.1.tgz",
          "integrity": "sha512-24e6ynE2H+OKt4kqsOvNd8kBpV65zoxbA4BVsEOB3ARVWQki/DHzaUoC5KuON/BiccDaCCTZBuOcfZs70kR8bQ=="
        }
      }
    },
    "property-information": {
      "version": "6.1.1",
      "resolved": "https://registry.npmjs.org/property-information/-/property-information-6.1.1.tgz",
      "integrity": "sha512-hrzC564QIl0r0vy4l6MvRLhafmUowhO/O3KgVSoXIbbA2Sz4j8HGpJc6T2cubRVwMwpdiG/vKGfhT4IixmKN9w=="
    },
    "react": {
      "version": "18.2.0",
      "resolved": "https://registry.npmjs.org/react/-/react-18.2.0.tgz",
      "integrity": "sha512-/3IjMdb2L9QbBdWiW5e3P2/npwMBaU9mHCSCUzNln0ZCYbcfTsGbTJrU/kGemdH2IWmB2ioZ+zkxtmq6g09fGQ==",
      "requires": {
        "loose-envify": "^1.1.0"
      }
    },
    "react-dom": {
      "version": "18.2.0",
      "resolved": "https://registry.npmjs.org/react-dom/-/react-dom-18.2.0.tgz",
      "integrity": "sha512-6IMTriUmvsjHUjNtEDudZfuDQUoWXVxKHhlEGSk81n4YFS+r/Kl99wXiwlVXtPBtJenozv2P+hxDsw9eA7Xo6g==",
      "requires": {
        "loose-envify": "^1.1.0",
        "scheduler": "^0.23.0"
      }
    },
    "react-flow-renderer": {
      "version": "10.3.11",
      "resolved": "https://registry.npmjs.org/react-flow-renderer/-/react-flow-renderer-10.3.11.tgz",
      "integrity": "sha512-pDqa+7MQ2qnTJJGv3CbTiA4Sr7Dsbx2eGsKTc2xf7pwkvUVfPedxE8SSDJvq9j6Ag2CLYC9Qv99zoA4+uk5hdw==",
      "requires": {
        "@babel/runtime": "^7.18.9",
        "classcat": "^5.0.3",
        "d3-drag": "^3.0.0",
        "d3-selection": "^3.0.0",
        "d3-zoom": "^3.0.0",
        "zustand": "^3.7.2"
      },
      "dependencies": {
        "zustand": {
          "version": "3.7.2",
          "resolved": "https://registry.npmjs.org/zustand/-/zustand-3.7.2.tgz",
          "integrity": "sha512-PIJDIZKtokhof+9+60cpockVOq05sJzHCriyvaLBmEJixseQ1a5Kdov6fWZfWOu5SK9c+FhH1jU0tntLxRJYMA=="
        }
      }
    },
    "react-is": {
      "version": "18.2.0",
      "resolved": "https://registry.npmjs.org/react-is/-/react-is-18.2.0.tgz",
      "integrity": "sha512-xWGDIW6x921xtzPkhiULtthJHoJvBbF3q26fzloPCK0hsvxtPVelvftw3zjbHWSkR2km9Z+4uxbDDK/6Zw9B8w=="
    },
    "react-markdown": {
      "version": "8.0.3",
      "resolved": "https://registry.npmjs.org/react-markdown/-/react-markdown-8.0.3.tgz",
      "integrity": "sha512-We36SfqaKoVNpN1QqsZwWSv/OZt5J15LNgTLWynwAN5b265hrQrsjMtlRNwUvS+YyR3yDM8HpTNc4pK9H/Gc0A==",
      "requires": {
        "@types/hast": "^2.0.0",
        "@types/prop-types": "^15.0.0",
        "@types/unist": "^2.0.0",
        "comma-separated-tokens": "^2.0.0",
        "hast-util-whitespace": "^2.0.0",
        "prop-types": "^15.0.0",
        "property-information": "^6.0.0",
        "react-is": "^18.0.0",
        "remark-parse": "^10.0.0",
        "remark-rehype": "^10.0.0",
        "space-separated-tokens": "^2.0.0",
        "style-to-object": "^0.3.0",
        "unified": "^10.0.0",
        "unist-util-visit": "^4.0.0",
        "vfile": "^5.0.0"
      }
    },
    "regenerator-runtime": {
      "version": "0.13.9",
      "resolved": "https://registry.npmjs.org/regenerator-runtime/-/regenerator-runtime-0.13.9.tgz",
      "integrity": "sha512-p3VT+cOEgxFsRRA9X4lkI1E+k2/CtnKtU4gcxyaCUreilL/vqI6CdZ3wxVUx3UOUg+gnUOQQcRI7BmSI656MYA=="
    },
    "remark-parse": {
      "version": "10.0.1",
      "resolved": "https://registry.npmjs.org/remark-parse/-/remark-parse-10.0.1.tgz",
      "integrity": "sha512-1fUyHr2jLsVOkhbvPRBJ5zTKZZyD6yZzYaWCS6BPBdQ8vEMBCH+9zNCDA6tET/zHCi/jLqjCWtlJZUPk+DbnFw==",
      "requires": {
        "@types/mdast": "^3.0.0",
        "mdast-util-from-markdown": "^1.0.0",
        "unified": "^10.0.0"
      }
    },
    "remark-rehype": {
      "version": "10.1.0",
      "resolved": "https://registry.npmjs.org/remark-rehype/-/remark-rehype-10.1.0.tgz",
      "integrity": "sha512-EFmR5zppdBp0WQeDVZ/b66CWJipB2q2VLNFMabzDSGR66Z2fQii83G5gTBbgGEnEEA0QRussvrFHxk1HWGJskw==",
      "requires": {
        "@types/hast": "^2.0.0",
        "@types/mdast": "^3.0.0",
        "mdast-util-to-hast": "^12.1.0",
        "unified": "^10.0.0"
      }
    },
    "sade": {
      "version": "1.8.1",
      "resolved": "https://registry.npmjs.org/sade/-/sade-1.8.1.tgz",
      "integrity": "sha512-xal3CZX1Xlo/k4ApwCFrHVACi9fBqJ7V+mwhBsuf/1IOKbBy098Fex+Wa/5QMubw09pSZ/u8EY8PWgevJsXp1A==",
      "requires": {
        "mri": "^1.1.0"
      }
    },
    "scheduler": {
      "version": "0.23.0",
      "resolved": "https://registry.npmjs.org/scheduler/-/scheduler-0.23.0.tgz",
      "integrity": "sha512-CtuThmgHNg7zIZWAXi3AsyIzA3n4xx7aNyjwC2VJldO2LMVDhFK+63xGqq6CsJH4rTAt6/M+N4GhZiDYPx9eUw==",
      "requires": {
        "loose-envify": "^1.1.0"
      }
    },
    "space-separated-tokens": {
      "version": "2.0.1",
      "resolved": "https://registry.npmjs.org/space-separated-tokens/-/space-separated-tokens-2.0.1.tgz",
      "integrity": "sha512-ekwEbFp5aqSPKaqeY1PGrlGQxPNaq+Cnx4+bE2D8sciBQrHpbwoBbawqTN2+6jPs9IdWxxiUcN0K2pkczD3zmw=="
    },
    "state-local": {
      "version": "1.0.7",
      "resolved": "https://registry.npmjs.org/state-local/-/state-local-1.0.7.tgz",
      "integrity": "sha512-HTEHMNieakEnoe33shBYcZ7NX83ACUjCu8c40iOGEZsngj9zRnkqS9j1pqQPXwobB0ZcVTk27REb7COQ0UR59w=="
    },
    "style-to-object": {
      "version": "0.3.0",
      "resolved": "https://registry.npmjs.org/style-to-object/-/style-to-object-0.3.0.tgz",
      "integrity": "sha512-CzFnRRXhzWIdItT3OmF8SQfWyahHhjq3HwcMNCNLn+N7klOOqPjMeG/4JSu77D7ypZdGvSzvkrbyeTMizz2VrA==",
      "requires": {
        "inline-style-parser": "0.1.1"
      }
    },
    "trim-lines": {
      "version": "3.0.1",
      "resolved": "https://registry.npmjs.org/trim-lines/-/trim-lines-3.0.1.tgz",
      "integrity": "sha512-kRj8B+YHZCc9kQYdWfJB2/oUl9rA99qbowYYBtr4ui4mZyAQ2JpvVBd/6U2YloATfqBhBTSMhTpgBHtU0Mf3Rg=="
    },
    "trough": {
      "version": "2.1.0",
      "resolved": "https://registry.npmjs.org/trough/-/trough-2.1.0.tgz",
      "integrity": "sha512-AqTiAOLcj85xS7vQ8QkAV41hPDIJ71XJB4RCUrzo/1GM2CQwhkJGaf9Hgr7BOugMRpgGUrqRg/DrBDl4H40+8g=="
    },
    "unified": {
      "version": "10.1.2",
      "resolved": "https://registry.npmjs.org/unified/-/unified-10.1.2.tgz",
      "integrity": "sha512-pUSWAi/RAnVy1Pif2kAoeWNBa3JVrx0MId2LASj8G+7AiHWoKZNTomq6LG326T68U7/e263X6fTdcXIy7XnF7Q==",
      "requires": {
        "@types/unist": "^2.0.0",
        "bail": "^2.0.0",
        "extend": "^3.0.0",
        "is-buffer": "^2.0.0",
        "is-plain-obj": "^4.0.0",
        "trough": "^2.0.0",
        "vfile": "^5.0.0"
      }
    },
    "unist-builder": {
      "version": "3.0.0",
      "resolved": "https://registry.npmjs.org/unist-builder/-/unist-builder-3.0.0.tgz",
      "integrity": "sha512-GFxmfEAa0vi9i5sd0R2kcrI9ks0r82NasRq5QHh2ysGngrc6GiqD5CDf1FjPenY4vApmFASBIIlk/jj5J5YbmQ==",
      "requires": {
        "@types/unist": "^2.0.0"
      }
    },
    "unist-util-generated": {
      "version": "2.0.0",
      "resolved": "https://registry.npmjs.org/unist-util-generated/-/unist-util-generated-2.0.0.tgz",
      "integrity": "sha512-TiWE6DVtVe7Ye2QxOVW9kqybs6cZexNwTwSMVgkfjEReqy/xwGpAXb99OxktoWwmL+Z+Epb0Dn8/GNDYP1wnUw=="
    },
    "unist-util-is": {
      "version": "5.1.1",
      "resolved": "https://registry.npmjs.org/unist-util-is/-/unist-util-is-5.1.1.tgz",
      "integrity": "sha512-F5CZ68eYzuSvJjGhCLPL3cYx45IxkqXSetCcRgUXtbcm50X2L9oOWQlfUfDdAf+6Pd27YDblBfdtmsThXmwpbQ=="
    },
    "unist-util-position": {
      "version": "4.0.3",
      "resolved": "https://registry.npmjs.org/unist-util-position/-/unist-util-position-4.0.3.tgz",
      "integrity": "sha512-p/5EMGIa1qwbXjA+QgcBXaPWjSnZfQ2Sc3yBEEfgPwsEmJd8Qh+DSk3LGnmOM4S1bY2C0AjmMnB8RuEYxpPwXQ==",
      "requires": {
        "@types/unist": "^2.0.0"
      }
    },
    "unist-util-stringify-position": {
      "version": "3.0.2",
      "resolved": "https://registry.npmjs.org/unist-util-stringify-position/-/unist-util-stringify-position-3.0.2.tgz",
      "integrity": "sha512-7A6eiDCs9UtjcwZOcCpM4aPII3bAAGv13E96IkawkOAW0OhH+yRxtY0lzo8KiHpzEMfH7Q+FizUmwp8Iqy5EWg==",
      "requires": {
        "@types/unist": "^2.0.0"
      }
    },
    "unist-util-visit": {
      "version": "4.1.0",
      "resolved": "https://registry.npmjs.org/unist-util-visit/-/unist-util-visit-4.1.0.tgz",
      "integrity": "sha512-n7lyhFKJfVZ9MnKtqbsqkQEk5P1KShj0+//V7mAcoI6bpbUjh3C/OG8HVD+pBihfh6Ovl01m8dkcv9HNqYajmQ==",
      "requires": {
        "@types/unist": "^2.0.0",
        "unist-util-is": "^5.0.0",
        "unist-util-visit-parents": "^5.0.0"
      }
    },
    "unist-util-visit-parents": {
      "version": "5.1.0",
      "resolved": "https://registry.npmjs.org/unist-util-visit-parents/-/unist-util-visit-parents-5.1.0.tgz",
      "integrity": "sha512-y+QVLcY5eR/YVpqDsLf/xh9R3Q2Y4HxkZTp7ViLDU6WtJCEcPmRzW1gpdWDCDIqIlhuPDXOgttqPlykrHYDekg==",
      "requires": {
        "@types/unist": "^2.0.0",
        "unist-util-is": "^5.0.0"
      }
    },
    "use-sync-external-store": {
      "version": "1.2.0",
      "resolved": "https://registry.npmjs.org/use-sync-external-store/-/use-sync-external-store-1.2.0.tgz",
      "integrity": "sha512-eEgnFxGQ1Ife9bzYs6VLi8/4X6CObHMw9Qr9tPY43iKwsPw8xE8+EFsf/2cFZ5S3esXgpWgtSCtLNS41F+sKPA=="
    },
    "uvu": {
      "version": "0.5.6",
      "resolved": "https://registry.npmjs.org/uvu/-/uvu-0.5.6.tgz",
      "integrity": "sha512-+g8ENReyr8YsOc6fv/NVJs2vFdHBnBNdfE49rshrTzDWOlUx4Gq7KOS2GD8eqhy2j+Ejq29+SbKH8yjkAqXqoA==",
      "requires": {
        "dequal": "^2.0.0",
        "diff": "^5.0.0",
        "kleur": "^4.0.3",
        "sade": "^1.7.3"
      }
    },
    "vfile": {
      "version": "5.3.4",
      "resolved": "https://registry.npmjs.org/vfile/-/vfile-5.3.4.tgz",
      "integrity": "sha512-KI+7cnst03KbEyN1+JE504zF5bJBZa+J+CrevLeyIMq0aPU681I2rQ5p4PlnQ6exFtWiUrg26QUdFMnAKR6PIw==",
      "requires": {
        "@types/unist": "^2.0.0",
        "is-buffer": "^2.0.0",
        "unist-util-stringify-position": "^3.0.0",
        "vfile-message": "^3.0.0"
      }
    },
    "vfile-message": {
      "version": "3.1.2",
      "resolved": "https://registry.npmjs.org/vfile-message/-/vfile-message-3.1.2.tgz",
      "integrity": "sha512-QjSNP6Yxzyycd4SVOtmKKyTsSvClqBPJcd00Z0zuPj3hOIjg0rUPG6DbFGPvUKRgYyaIWLPKpuEclcuvb3H8qA==",
      "requires": {
        "@types/unist": "^2.0.0",
        "unist-util-stringify-position": "^3.0.0"
      }
    },
    "zustand": {
      "version": "4.0.0-rc.2",
      "resolved": "https://registry.npmjs.org/zustand/-/zustand-4.0.0-rc.2.tgz",
      "integrity": "sha512-eGDJHNmubDTggkMyZciCfI0H+NptOKQICpliJ4hd/XAjEvYp5h525CVJZ8uDfwd9P5JfSFjpBo14Z0qv04NWJA==",
      "requires": {
        "use-sync-external-store": "1.2.0"
      }
    }
  }
}
